PODS:
  - Flutter (1.0.0)
  - flutter_youtube_view (1.1.4):
    - Flutter
    - YoutubeKit
  - FMDB (2.7.5):
    - FMDB/standard (= 2.7.5)
  - FMDB/standard (2.7.5)
  - path_provider (0.0.1):
    - Flutter
  - sqflite (0.0.1):
    - Flutter
    - FMDB (~> 2.7.2)
  - YoutubeKit (0.3.0)

DEPENDENCIES:
  - Flutter (from `Flutter`)
  - flutter_youtube_view (from `.symlinks/plugins/flutter_youtube_view/ios`)
  - path_provider (from `.symlinks/plugins/path_provider/ios`)
  - sqflite (from `.symlinks/plugins/sqflite/ios`)

SPEC REPOS:
  trunk:
    - FMDB
    - YoutubeKit

EXTERNAL SOURCES:
  Flutter:
    :path: Flutter
  flutter_youtube_view:
    :path: ".symlinks/plugins/flutter_youtube_view/ios"
  path_provider:
    :path: ".symlinks/plugins/path_provider/ios"
  sqflite:
    :path: ".symlinks/plugins/sqflite/ios"

SPEC CHECKSUMS:
  Flutter: 0e3d915762c693b495b44d77113d4970485de6ec
  flutter_youtube_view: f9937ac435a82a758189c78c7a8828ec56fb0def
  FMDB: 2ce00b547f966261cd18927a3ddb07cb6f3db82a
  path_provider: f96fff6166a8867510d2c25fdcc346327cc4b259
  sqflite: ff1d9da63c06588cc8d1faf7256d741f16989d5a
  YoutubeKit: a00e9eebcb3cfe26d7e233c5f8591dfd0b08f7a0

PODFILE CHECKSUM: 1b66dae606f75376c5f2135a8290850eeb09ae83

COCOAPODS: 1.8.0
